
Microsoft Visual Studio Solution File, Format Version 12.00
# Visual Studio 14
VisualStudioVersion = 14.0.22706.0
MinimumVisualStudioVersion = 10.0.40219.1
Project("{FAE04EC0-301F-11D3-BF4B-00C04F79EFBC}") = "Nullaby", "Nullaby\Analyzer\Nullaby.csproj", "{2BEFA08C-AFF0-4803-B15E-5CC9636CFF29}"
EndProject
Project("{2150E333-8FDC-42A3-9474-1A3956D46DE8}") = ".nuget", ".nuget", "{3DAE303A-5601-414F-A95D-4F59D6B2AD16}"
	ProjectSection(SolutionItems) = preProject
		.nuget\packages.config = .nuget\packages.config
	EndProjectSection
EndProject
Project("{FAE04EC0-301F-11D3-BF4B-00C04F79EFBC}") = "Test", "Nullaby\Test\Test.csproj", "{5EA74708-9577-4EBD-9D53-3FC561394711}"
EndProject
Project("{FAE04EC0-301F-11D3-BF4B-00C04F79EFBC}") = "Setup", "Nullaby\Setup\Setup.csproj", "{5A93F90A-398E-4587-99C1-9101BE6AAFEA}"
EndProject
Global
	GlobalSection(SolutionConfigurationPlatforms) = preSolution
		Debug|Any CPU = Debug|Any CPU
		Release|Any CPU = Release|Any CPU
	EndGlobalSection
	GlobalSection(ProjectConfigurationPlatforms) = postSolution
		{2BEFA08C-AFF0-4803-B15E-5CC9636CFF29}.Debug|Any CPU.ActiveCfg = Debug|Any CPU
		{2BEFA08C-AFF0-4803-B15E-5CC9636CFF29}.Debug|Any CPU.Build.0 = Debug|Any CPU
		{2BEFA08C-AFF0-4803-B15E-5CC9636CFF29}.Release|Any CPU.ActiveCfg = Release|Any CPU
		{2BEFA08C-AFF0-4803-B15E-5CC9636CFF29}.Release|Any CPU.Build.0 = Release|Any CPU
		{5EA74708-9577-4EBD-9D53-3FC561394711}.Debug|Any CPU.ActiveCfg = Debug|Any CPU
		{5EA74708-9577-4EBD-9D53-3FC561394711}.Debug|Any CPU.Build.0 = Debug|Any CPU
		{5EA74708-9577-4EBD-9D53-3FC561394711}.Release|Any CPU.ActiveCfg = Release|Any CPU
		{5EA74708-9577-4EBD-9D53-3FC561394711}.Release|Any CPU.Build.0 = Release|Any CPU
		{5A93F90A-398E-4587-99C1-9101BE6AAFEA}.Debug|Any CPU.ActiveCfg = Debug|Any CPU
		{5A93F90A-398E-4587-99C1-9101BE6AAFEA}.Debug|Any CPU.Build.0 = Debug|Any CPU
		{5A93F90A-398E-4587-99C1-9101BE6AAFEA}.Release|Any CPU.ActiveCfg = Release|Any CPU
		{5A93F90A-398E-4587-99C1-9101BE6AAFEA}.Release|Any CPU.Build.0 = Release|Any CPU
	EndGlobalSection
	GlobalSection(SolutionProperties) = preSolution
		HideSolutionNode = FALSE
	EndGlobalSection
EndGlobal
